
Microsoft Visual Studio Solution File, Format Version 12.00
# Visual Studio Version 17
VisualStudioVersion = 17.0.31903.59
MinimumVisualStudioVersion = 10.0.40219.1
Project("{FAE04EC0-301F-11D3-BF4B-00C04F79EFBC}") = "ChMS.Web", "ChMS.Web\ChMS.Web.csproj", "{7D97483F-2509-46FF-9BFD-7622A03C84E0}"
EndProject
Project("{2150E333-8FDC-42A3-9474-1A3956D46DE8}") = "src", "src", "{E216DD5C-F3D2-4829-8D2C-D67D5588071A}"
EndProject
Project("{2150E333-8FDC-42A3-9474-1A3956D46DE8}") = "Core", "Core", "{97F0A661-0C85-483D-9041-B7097FC12043}"
EndProject
Project("{FAE04EC0-301F-11D3-BF4B-00C04F79EFBC}") = "Chms.Application", "src\Core\Chms.Application\Chms.Application.csproj", "{56AF13A1-334F-46AA-B535-50484597A4F5}"
EndProject
Project("{FAE04EC0-301F-11D3-BF4B-00C04F79EFBC}") = "Chms.Domain", "src\Core\Chms.Domain\Chms.Domain.csproj", "{B703C511-76A2-4EE9-8989-62CF637F2FA2}"
EndProject
Project("{FAE04EC0-301F-11D3-BF4B-00C04F79EFBC}") = "Chms.Infrastructure", "src\Core\Chms.Infrastructure\Chms.Infrastructure.csproj", "{B1566ADF-3829-4BBD-BA6D-3E7B3E4BA0F4}"
EndProject
Global
	GlobalSection(SolutionConfigurationPlatforms) = preSolution
		Debug|Any CPU = Debug|Any CPU
		Release|Any CPU = Release|Any CPU
	EndGlobalSection
	GlobalSection(SolutionProperties) = preSolution
		HideSolutionNode = FALSE
	EndGlobalSection
	GlobalSection(ProjectConfigurationPlatforms) = postSolution
		{7D97483F-2509-46FF-9BFD-7622A03C84E0}.Debug|Any CPU.ActiveCfg = Debug|Any CPU
		{7D97483F-2509-46FF-9BFD-7622A03C84E0}.Debug|Any CPU.Build.0 = Debug|Any CPU
		{7D97483F-2509-46FF-9BFD-7622A03C84E0}.Release|Any CPU.ActiveCfg = Release|Any CPU
		{7D97483F-2509-46FF-9BFD-7622A03C84E0}.Release|Any CPU.Build.0 = Release|Any CPU
		{56AF13A1-334F-46AA-B535-50484597A4F5}.Debug|Any CPU.ActiveCfg = Debug|Any CPU
		{56AF13A1-334F-46AA-B535-50484597A4F5}.Debug|Any CPU.Build.0 = Debug|Any CPU
		{56AF13A1-334F-46AA-B535-50484597A4F5}.Release|Any CPU.ActiveCfg = Release|Any CPU
		{56AF13A1-334F-46AA-B535-50484597A4F5}.Release|Any CPU.Build.0 = Release|Any CPU
		{B703C511-76A2-4EE9-8989-62CF637F2FA2}.Debug|Any CPU.ActiveCfg = Debug|Any CPU
		{B703C511-76A2-4EE9-8989-62CF637F2FA2}.Debug|Any CPU.Build.0 = Debug|Any CPU
		{B703C511-76A2-4EE9-8989-62CF637F2FA2}.Release|Any CPU.ActiveCfg = Release|Any CPU
		{B703C511-76A2-4EE9-8989-62CF637F2FA2}.Release|Any CPU.Build.0 = Release|Any CPU
		{B1566ADF-3829-4BBD-BA6D-3E7B3E4BA0F4}.Debug|Any CPU.ActiveCfg = Debug|Any CPU
		{B1566ADF-3829-4BBD-BA6D-3E7B3E4BA0F4}.Debug|Any CPU.Build.0 = Debug|Any CPU
		{B1566ADF-3829-4BBD-BA6D-3E7B3E4BA0F4}.Release|Any CPU.ActiveCfg = Release|Any CPU
		{B1566ADF-3829-4BBD-BA6D-3E7B3E4BA0F4}.Release|Any CPU.Build.0 = Release|Any CPU
	EndGlobalSection
	GlobalSection(NestedProjects) = preSolution
		{97F0A661-0C85-483D-9041-B7097FC12043} = {E216DD5C-F3D2-4829-8D2C-D67D5588071A}
		{56AF13A1-334F-46AA-B535-50484597A4F5} = {97F0A661-0C85-483D-9041-B7097FC12043}
		{B703C511-76A2-4EE9-8989-62CF637F2FA2} = {97F0A661-0C85-483D-9041-B7097FC12043}
		{B1566ADF-3829-4BBD-BA6D-3E7B3E4BA0F4} = {97F0A661-0C85-483D-9041-B7097FC12043}
	EndGlobalSection
EndGlobal
